
Microsoft Visual Studio Solution File, Format Version 12.00
# Visual Studio Version 17
VisualStudioVersion = 17.0.31903.59
MinimumVisualStudioVersion = 10.0.40219.1
Project("{FAE04EC0-301F-11D3-BF4B-00C04F79EFBC}") = "ZebraAI.Client", "ZebraAI.Client\ZebraAI.Client.csproj", "{A15B19B0-6AF9-435D-94B0-6C1D1C544410}"
EndProject
Project("{FAE04EC0-301F-11D3-BF4B-00C04F79EFBC}") = "ZebraAI.Desktop", "ZebraAI.Desktop\ZebraAI.Desktop.csproj", "{632FD319-2C92-4DCC-8345-72524EA264EF}"
EndProject
Global
	GlobalSection(SolutionConfigurationPlatforms) = preSolution
		Debug|Any CPU = Debug|Any CPU
		Release|Any CPU = Release|Any CPU
	EndGlobalSection
	GlobalSection(SolutionProperties) = preSolution
		HideSolutionNode = FALSE
	EndGlobalSection
	GlobalSection(ProjectConfigurationPlatforms) = postSolution
		{A15B19B0-6AF9-435D-94B0-6C1D1C544410}.Debug|Any CPU.ActiveCfg = Debug|Any CPU
		{A15B19B0-6AF9-435D-94B0-6C1D1C544410}.Debug|Any CPU.Build.0 = Debug|Any CPU
		{A15B19B0-6AF9-435D-94B0-6C1D1C544410}.Release|Any CPU.ActiveCfg = Release|Any CPU
		{A15B19B0-6AF9-435D-94B0-6C1D1C544410}.Release|Any CPU.Build.0 = Release|Any CPU
		{632FD319-2C92-4DCC-8345-72524EA264EF}.Debug|Any CPU.ActiveCfg = Debug|Any CPU
		{632FD319-2C92-4DCC-8345-72524EA264EF}.Debug|Any CPU.Build.0 = Debug|Any CPU
		{632FD319-2C92-4DCC-8345-72524EA264EF}.Release|Any CPU.ActiveCfg = Release|Any CPU
		{632FD319-2C92-4DCC-8345-72524EA264EF}.Release|Any CPU.Build.0 = Release|Any CPU
	EndGlobalSection
EndGlobal
